
Microsoft Visual Studio Solution File, Format Version 12.00
# Visual Studio 15
VisualStudioVersion = 15.0.26124.0
MinimumVisualStudioVersion = 15.0.26124.0
Project("{2150E333-8FDC-42A3-9474-1A3956D46DE8}") = "ExpenseTracker", "ExpenseTracker", "{4988E26B-4863-4558-B84C-9D1C11B63539}"
EndProject
Project("{FAE04EC0-301F-11D3-BF4B-00C04F79EFBC}") = "API", "ExpenseTracker\API\API.csproj", "{00328EAF-DA0B-44C9-BFCA-F1A71337B210}"
EndProject
Project("{FAE04EC0-301F-11D3-BF4B-00C04F79EFBC}") = "Domain", "ExpenseTracker\Domain\Domain.csproj", "{A0BA420E-C063-4A30-90E8-A6C59D69857F}"
EndProject
Project("{FAE04EC0-301F-11D3-BF4B-00C04F79EFBC}") = "Application", "ExpenseTracker\Application\Application.csproj", "{CD85E000-5A0D-4969-B6BC-6CC35D543BF3}"
EndProject
Project("{FAE04EC0-301F-11D3-BF4B-00C04F79EFBC}") = "Persistence", "ExpenseTracker\Persistence\Persistence.csproj", "{64D2DCB5-CDF5-4355-876C-C94BB6C692E8}"
EndProject
Project("{FAE04EC0-301F-11D3-BF4B-00C04F79EFBC}") = "ExpenseTrackerTests", "ExpenseTrackerTests\ExpenseTrackerTests.csproj", "{DA415FB3-3F94-48C4-AFEE-1A810FF3E6FB}"
EndProject
Global
	GlobalSection(SolutionConfigurationPlatforms) = preSolution
		Debug|Any CPU = Debug|Any CPU
		Debug|x64 = Debug|x64
		Debug|x86 = Debug|x86
		Release|Any CPU = Release|Any CPU
		Release|x64 = Release|x64
		Release|x86 = Release|x86
	EndGlobalSection
	GlobalSection(SolutionProperties) = preSolution
		HideSolutionNode = FALSE
	EndGlobalSection
	GlobalSection(ProjectConfigurationPlatforms) = postSolution
		{00328EAF-DA0B-44C9-BFCA-F1A71337B210}.Debug|Any CPU.ActiveCfg = Debug|Any CPU
		{00328EAF-DA0B-44C9-BFCA-F1A71337B210}.Debug|Any CPU.Build.0 = Debug|Any CPU
		{00328EAF-DA0B-44C9-BFCA-F1A71337B210}.Debug|x64.ActiveCfg = Debug|Any CPU
		{00328EAF-DA0B-44C9-BFCA-F1A71337B210}.Debug|x64.Build.0 = Debug|Any CPU
		{00328EAF-DA0B-44C9-BFCA-F1A71337B210}.Debug|x86.ActiveCfg = Debug|Any CPU
		{00328EAF-DA0B-44C9-BFCA-F1A71337B210}.Debug|x86.Build.0 = Debug|Any CPU
		{00328EAF-DA0B-44C9-BFCA-F1A71337B210}.Release|Any CPU.ActiveCfg = Release|Any CPU
		{00328EAF-DA0B-44C9-BFCA-F1A71337B210}.Release|Any CPU.Build.0 = Release|Any CPU
		{00328EAF-DA0B-44C9-BFCA-F1A71337B210}.Release|x64.ActiveCfg = Release|Any CPU
		{00328EAF-DA0B-44C9-BFCA-F1A71337B210}.Release|x64.Build.0 = Release|Any CPU
		{00328EAF-DA0B-44C9-BFCA-F1A71337B210}.Release|x86.ActiveCfg = Release|Any CPU
		{00328EAF-DA0B-44C9-BFCA-F1A71337B210}.Release|x86.Build.0 = Release|Any CPU
		{A0BA420E-C063-4A30-90E8-A6C59D69857F}.Debug|Any CPU.ActiveCfg = Debug|Any CPU
		{A0BA420E-C063-4A30-90E8-A6C59D69857F}.Debug|Any CPU.Build.0 = Debug|Any CPU
		{A0BA420E-C063-4A30-90E8-A6C59D69857F}.Debug|x64.ActiveCfg = Debug|Any CPU
		{A0BA420E-C063-4A30-90E8-A6C59D69857F}.Debug|x64.Build.0 = Debug|Any CPU
		{A0BA420E-C063-4A30-90E8-A6C59D69857F}.Debug|x86.ActiveCfg = Debug|Any CPU
		{A0BA420E-C063-4A30-90E8-A6C59D69857F}.Debug|x86.Build.0 = Debug|Any CPU
		{A0BA420E-C063-4A30-90E8-A6C59D69857F}.Release|Any CPU.ActiveCfg = Release|Any CPU
		{A0BA420E-C063-4A30-90E8-A6C59D69857F}.Release|Any CPU.Build.0 = Release|Any CPU
		{A0BA420E-C063-4A30-90E8-A6C59D69857F}.Release|x64.ActiveCfg = Release|Any CPU
		{A0BA420E-C063-4A30-90E8-A6C59D69857F}.Release|x64.Build.0 = Release|Any CPU
		{A0BA420E-C063-4A30-90E8-A6C59D69857F}.Release|x86.ActiveCfg = Release|Any CPU
		{A0BA420E-C063-4A30-90E8-A6C59D69857F}.Release|x86.Build.0 = Release|Any CPU
		{CD85E000-5A0D-4969-B6BC-6CC35D543BF3}.Debug|Any CPU.ActiveCfg = Debug|Any CPU
		{CD85E000-5A0D-4969-B6BC-6CC35D543BF3}.Debug|Any CPU.Build.0 = Debug|Any CPU
		{CD85E000-5A0D-4969-B6BC-6CC35D543BF3}.Debug|x64.ActiveCfg = Debug|Any CPU
		{CD85E000-5A0D-4969-B6BC-6CC35D543BF3}.Debug|x64.Build.0 = Debug|Any CPU
		{CD85E000-5A0D-4969-B6BC-6CC35D543BF3}.Debug|x86.ActiveCfg = Debug|Any CPU
		{CD85E000-5A0D-4969-B6BC-6CC35D543BF3}.Debug|x86.Build.0 = Debug|Any CPU
		{CD85E000-5A0D-4969-B6BC-6CC35D543BF3}.Release|Any CPU.ActiveCfg = Release|Any CPU
		{CD85E000-5A0D-4969-B6BC-6CC35D543BF3}.Release|Any CPU.Build.0 = Release|Any CPU
		{CD85E000-5A0D-4969-B6BC-6CC35D543BF3}.Release|x64.ActiveCfg = Release|Any CPU
		{CD85E000-5A0D-4969-B6BC-6CC35D543BF3}.Release|x64.Build.0 = Release|Any CPU
		{CD85E000-5A0D-4969-B6BC-6CC35D543BF3}.Release|x86.ActiveCfg = Release|Any CPU
		{CD85E000-5A0D-4969-B6BC-6CC35D543BF3}.Release|x86.Build.0 = Release|Any CPU
		{64D2DCB5-CDF5-4355-876C-C94BB6C692E8}.Debug|Any CPU.ActiveCfg = Debug|Any CPU
		{64D2DCB5-CDF5-4355-876C-C94BB6C692E8}.Debug|Any CPU.Build.0 = Debug|Any CPU
		{64D2DCB5-CDF5-4355-876C-C94BB6C692E8}.Debug|x64.ActiveCfg = Debug|Any CPU
		{64D2DCB5-CDF5-4355-876C-C94BB6C692E8}.Debug|x64.Build.0 = Debug|Any CPU
		{64D2DCB5-CDF5-4355-876C-C94BB6C692E8}.Debug|x86.ActiveCfg = Debug|Any CPU
		{64D2DCB5-CDF5-4355-876C-C94BB6C692E8}.Debug|x86.Build.0 = Debug|Any CPU
		{64D2DCB5-CDF5-4355-876C-C94BB6C692E8}.Release|Any CPU.ActiveCfg = Release|Any CPU
		{64D2DCB5-CDF5-4355-876C-C94BB6C692E8}.Release|Any CPU.Build.0 = Release|Any CPU
		{64D2DCB5-CDF5-4355-876C-C94BB6C692E8}.Release|x64.ActiveCfg = Release|Any CPU
		{64D2DCB5-CDF5-4355-876C-C94BB6C692E8}.Release|x64.Build.0 = Release|Any CPU
		{64D2DCB5-CDF5-4355-876C-C94BB6C692E8}.Release|x86.ActiveCfg = Release|Any CPU
		{64D2DCB5-CDF5-4355-876C-C94BB6C692E8}.Release|x86.Build.0 = Release|Any CPU
		{DA415FB3-3F94-48C4-AFEE-1A810FF3E6FB}.Debug|Any CPU.ActiveCfg = Debug|Any CPU
		{DA415FB3-3F94-48C4-AFEE-1A810FF3E6FB}.Debug|Any CPU.Build.0 = Debug|Any CPU
		{DA415FB3-3F94-48C4-AFEE-1A810FF3E6FB}.Debug|x64.ActiveCfg = Debug|Any CPU
		{DA415FB3-3F94-48C4-AFEE-1A810FF3E6FB}.Debug|x64.Build.0 = Debug|Any CPU
		{DA415FB3-3F94-48C4-AFEE-1A810FF3E6FB}.Debug|x86.ActiveCfg = Debug|Any CPU
		{DA415FB3-3F94-48C4-AFEE-1A810FF3E6FB}.Debug|x86.Build.0 = Debug|Any CPU
		{DA415FB3-3F94-48C4-AFEE-1A810FF3E6FB}.Release|Any CPU.ActiveCfg = Release|Any CPU
		{DA415FB3-3F94-48C4-AFEE-1A810FF3E6FB}.Release|Any CPU.Build.0 = Release|Any CPU
		{DA415FB3-3F94-48C4-AFEE-1A810FF3E6FB}.Release|x64.ActiveCfg = Release|Any CPU
		{DA415FB3-3F94-48C4-AFEE-1A810FF3E6FB}.Release|x64.Build.0 = Release|Any CPU
		{DA415FB3-3F94-48C4-AFEE-1A810FF3E6FB}.Release|x86.ActiveCfg = Release|Any CPU
		{DA415FB3-3F94-48C4-AFEE-1A810FF3E6FB}.Release|x86.Build.0 = Release|Any CPU
	EndGlobalSection
	GlobalSection(NestedProjects) = preSolution
		{00328EAF-DA0B-44C9-BFCA-F1A71337B210} = {4988E26B-4863-4558-B84C-9D1C11B63539}
		{A0BA420E-C063-4A30-90E8-A6C59D69857F} = {4988E26B-4863-4558-B84C-9D1C11B63539}
		{CD85E000-5A0D-4969-B6BC-6CC35D543BF3} = {4988E26B-4863-4558-B84C-9D1C11B63539}
		{64D2DCB5-CDF5-4355-876C-C94BB6C692E8} = {4988E26B-4863-4558-B84C-9D1C11B63539}
	EndGlobalSection
EndGlobal
